github.com/cfindlayisme/go-utils v0.0.13 h1:8qxSuMXMiDo6QEbXk36MhKkwdvVujo3n8xJLKRkiHtY=
github.com/cfindlayisme/go-utils v0.0.13/go.mod h1:oFFLbVTq59qrLqhYl+9u/T35Je6MI136eZZhzwHkDpI=
github.com/cfindlayisme/go-utils v0.0.16 h1:F6qdIDkkUqFnNgFxvoyN5rP6Hx+E6ZnPHdLJN8P8giY=
github.com/cfindlayisme/go-utils v0.0.16/go.mod h1:oFFLbVTq59qrLqhYl+9u/T35Je6MI136eZZhzwHkDpI=
